{
  "name": "marlowe-sdk-deno",
  "lockfileVersion": 3,
  "requires": true,
  "packages": {
    "": {
      "dependencies": {
        "@marlowe.io/runtime-core": "^0.3.0-beta",
        "fp-ts": "^2.16.2",
        "prettier": "^3.2.5"
      }
    },
    "node_modules/@marlowe.io/adapter": {
      "version": "0.3.0-beta",
      "resolved": "https://registry.npmjs.org/@marlowe.io/adapter/-/adapter-0.3.0-beta.tgz",
      "integrity": "sha512-POyvbxA5AXQCvQA/NUj36He7RY/bn/xHQ79uCo7v3FAYvO1UjV18huqn5w1Nxz3thQTImtp5R5rT1qE6LR4yAA==",
      "dependencies": {
        "date-fns": "2.29.3",
        "fp-ts": "^2.16.1",
        "io-ts": "2.2.21",
        "json-bigint": "^1.0.0",
        "newtype-ts": "0.3.5"
      }
    },
    "node_modules/@marlowe.io/language-core-v1": {
      "version": "0.3.0-beta",
      "resolved": "https://registry.npmjs.org/@marlowe.io/language-core-v1/-/language-core-v1-0.3.0-beta.tgz",
      "integrity": "sha512-nAlVUAondPUW77FwLRfwUkCEGYUFrAjo71+Fm7Cm3dEzxCseoZRHEjEAoO5zHtWDd4DZvHeiTSkH+ExOm6DefA==",
      "dependencies": {
        "@marlowe.io/adapter": "0.3.0-beta",
        "date-fns": "2.29.3",
        "fp-ts": "^2.16.1",
        "io-ts": "2.2.21",
        "io-ts-types": "0.5.19",
        "json-bigint": "^1.0.0",
        "jsonbigint-io-ts-reporters": "2.0.1",
        "newtype-ts": "0.3.5"
      }
    },
    "node_modules/@marlowe.io/runtime-core": {
      "version": "0.3.0-beta",
      "resolved": "https://registry.npmjs.org/@marlowe.io/runtime-core/-/runtime-core-0.3.0-beta.tgz",
      "integrity": "sha512-UMu3FzxsEIk42Yhr7T5P7f7+LDIQna8pPqCSMFmRzeKnThSamsjqsoZapCP4dhBqPP2iXH/31TZjuw8P8SDLxw==",
      "dependencies": {
        "@marlowe.io/adapter": "0.3.0-beta",
        "@marlowe.io/language-core-v1": "0.3.0-beta",
        "fp-ts": "^2.16.1",
        "io-ts": "2.2.21",
        "newtype-ts": "0.3.5"
      }
    },
    "node_modules/@scarf/scarf": {
      "version": "1.3.0",
      "resolved": "https://registry.npmjs.org/@scarf/scarf/-/scarf-1.3.0.tgz",
      "integrity": "sha512-lHKK8M5CTcpFj2hZDB3wIjb0KAbEOgDmiJGDv1WBRfQgRm/a8/XMEkG/N1iM01xgbUDsPQwi42D+dFo1XPAKew==",
      "hasInstallScript": true
    },
    "node_modules/bignumber.js": {
      "version": "9.1.2",
      "resolved": "https://registry.npmjs.org/bignumber.js/-/bignumber.js-9.1.2.tgz",
      "integrity": "sha512-2/mKyZH9K85bzOEfhXDBFZTGd1CTs+5IHpeFQo9luiBG7hghdC851Pj2WAhb6E3R6b9tZj/XKhbg4fum+Kepug==",
      "engines": {
        "node": "*"
      }
    },
    "node_modules/date-fns": {
      "version": "2.29.3",
      "resolved": "https://registry.npmjs.org/date-fns/-/date-fns-2.29.3.tgz",
      "integrity": "sha512-dDCnyH2WnnKusqvZZ6+jA1O51Ibt8ZMRNkDZdyAyK4YfbDwa/cEmuztzG5pk6hqlp9aSBPYcjOlktquahGwGeA==",
      "engines": {
        "node": ">=0.11"
      },
      "funding": {
        "type": "opencollective",
        "url": "https://opencollective.com/date-fns"
      }
    },
    "node_modules/fp-ts": {
      "version": "2.16.2",
      "resolved": "https://registry.npmjs.org/fp-ts/-/fp-ts-2.16.2.tgz",
      "integrity": "sha512-CkqAjnIKFqvo3sCyoBTqgJvF+bHrSik584S9nhTjtBESLx26cbtVMR/T9a6ApChOcSDAaM3JydDmWDUn4EEXng=="
    },
    "node_modules/io-ts": {
      "version": "2.2.21",
      "resolved": "https://registry.npmjs.org/io-ts/-/io-ts-2.2.21.tgz",
      "integrity": "sha512-zz2Z69v9ZIC3mMLYWIeoUcwWD6f+O7yP92FMVVaXEOSZH1jnVBmET/urd/uoarD1WGBY4rCj8TAyMPzsGNzMFQ==",
      "peerDependencies": {
        "fp-ts": "^2.5.0"
      }
    },
    "node_modules/io-ts-types": {
      "version": "0.5.19",
      "resolved": "https://registry.npmjs.org/io-ts-types/-/io-ts-types-0.5.19.tgz",
      "integrity": "sha512-kQOYYDZG5vKre+INIDZbLeDJe+oM+4zLpUkjXyTMyUfoCpjJNyi29ZLkuEAwcPufaYo3yu/BsemZtbdD+NtRfQ==",
      "peerDependencies": {
        "fp-ts": "^2.0.0",
        "io-ts": "^2.0.0",
        "monocle-ts": "^2.0.0",
        "newtype-ts": "^0.3.2"
      }
    },
    "node_modules/json-bigint": {
      "version": "1.0.0",
      "resolved": "https://registry.npmjs.org/json-bigint/-/json-bigint-1.0.0.tgz",
      "integrity": "sha512-SiPv/8VpZuWbvLSMtTDU8hEfrZWg/mH/nV/b4o0CYbSxu1UIQPLdwKOCIyLQX+VIPO5vrLX3i8qtqFyhdPSUSQ==",
      "dependencies": {
        "bignumber.js": "^9.0.0"
      }
    },
    "node_modules/jsonbigint-io-ts-reporters": {
      "version": "2.0.1",
      "resolved": "https://registry.npmjs.org/jsonbigint-io-ts-reporters/-/jsonbigint-io-ts-reporters-2.0.1.tgz",
      "integrity": "sha512-Sk8PAR1l/nSGa1h26VbxIYpcOHONcQsS4i1nuHW7xkG+sqh6j4YhII8tU3PiimNBGK7LTlmL4E6wNth0hyayew==",
      "dependencies": {
        "@scarf/scarf": "^1.1.1"
      },
      "peerDependencies": {
        "fp-ts": "^2.10.5",
        "io-ts": "^2.2.16"
      }
    },
    "node_modules/monocle-ts": {
      "version": "2.3.13",
      "resolved": "https://registry.npmjs.org/monocle-ts/-/monocle-ts-2.3.13.tgz",
      "integrity": "sha512-D5Ygd3oulEoAm3KuGO0eeJIrhFf1jlQIoEVV2DYsZUMz42j4tGxgct97Aq68+F8w4w4geEnwFa8HayTS/7lpKQ==",
      "peer": true,
      "peerDependencies": {
        "fp-ts": "^2.5.0"
      }
    },
    "node_modules/newtype-ts": {
      "version": "0.3.5",
      "resolved": "https://registry.npmjs.org/newtype-ts/-/newtype-ts-0.3.5.tgz",
      "integrity": "sha512-v83UEQMlVR75yf1OUdoSFssjitxzjZlqBAjiGQ4WJaML8Jdc68LJ+BaSAXUmKY4bNzp7hygkKLYTsDi14PxI2g==",
      "peerDependencies": {
        "fp-ts": "^2.0.0",
        "monocle-ts": "^2.0.0"
      }
    },
    "node_modules/prettier": {
      "version": "3.2.5",
      "resolved": "https://registry.npmjs.org/prettier/-/prettier-3.2.5.tgz",
      "integrity": "sha512-3/GWa9aOC0YeD7LUfvOG2NiDyhOWRvt1k+rcKhOuYnMY24iiCphgneUfJDyFXd6rZCAnuLBv6UeAULtrhT/F4A==",
      "bin": {
        "prettier": "bin/prettier.cjs"
      },
      "engines": {
        "node": ">=14"
      },
      "funding": {
        "url": "https://github.com/prettier/prettier?sponsor=1"
      }
    }
  }
}
